
Microsoft Visual Studio Solution File, Format Version 12.00
# Visual Studio Version 17
VisualStudioVersion = 17.0.31912.275
MinimumVisualStudioVersion = 10.0.40219.1
Project("{9A19103F-16F7-4668-BE54-9A1E7A4F7556}") = "mitoSoft.Razor.Components", "mitoSoft.Razor.Components\mitoSoft.Razor.Components.csproj", "{932C3468-5CF0-4080-ABE7-F4F0A71E2B7D}"
EndProject
Project("{9A19103F-16F7-4668-BE54-9A1E7A4F7556}") = "mitoSoft.Razor.Components.Examples.DotNet6", "mitoSoft.Razor.Components.Examples.DotNet6\mitoSoft.Razor.Components.Examples.DotNet6.csproj", "{552402DD-D598-4B02-8DFD-DEDFDE3936DE}"
EndProject
Global
	GlobalSection(SolutionConfigurationPlatforms) = preSolution
		Debug|Any CPU = Debug|Any CPU
		Release|Any CPU = Release|Any CPU
	EndGlobalSection
	GlobalSection(ProjectConfigurationPlatforms) = postSolution
		{932C3468-5CF0-4080-ABE7-F4F0A71E2B7D}.Debug|Any CPU.ActiveCfg = Debug|Any CPU
		{932C3468-5CF0-4080-ABE7-F4F0A71E2B7D}.Debug|Any CPU.Build.0 = Debug|Any CPU
		{932C3468-5CF0-4080-ABE7-F4F0A71E2B7D}.Release|Any CPU.ActiveCfg = Release|Any CPU
		{932C3468-5CF0-4080-ABE7-F4F0A71E2B7D}.Release|Any CPU.Build.0 = Release|Any CPU
		{552402DD-D598-4B02-8DFD-DEDFDE3936DE}.Debug|Any CPU.ActiveCfg = Debug|Any CPU
		{552402DD-D598-4B02-8DFD-DEDFDE3936DE}.Debug|Any CPU.Build.0 = Debug|Any CPU
		{552402DD-D598-4B02-8DFD-DEDFDE3936DE}.Release|Any CPU.ActiveCfg = Release|Any CPU
		{552402DD-D598-4B02-8DFD-DEDFDE3936DE}.Release|Any CPU.Build.0 = Release|Any CPU
	EndGlobalSection
	GlobalSection(SolutionProperties) = preSolution
		HideSolutionNode = FALSE
	EndGlobalSection
	GlobalSection(ExtensibilityGlobals) = postSolution
		SolutionGuid = {26966125-D3D3-4593-8E32-5302D3446101}
	EndGlobalSection
EndGlobal
